Microsoft Visual Studio Solution File, Format Version 8.00
Project("{FAE04EC0-301F-11D3-BF4B-00C04F79EFBC}") = "MathParser", "MathParser.csproj", "{0AE1DE18-FDAA-489A-B658-80F0837E3587}"
	ProjectSection(ProjectDependencies) = postProject
	EndProjectSection
EndProject
Global
	GlobalSection(SolutionConfiguration) = preSolution
		Debug = Debug
		Release = Release
	EndGlobalSection
	GlobalSection(ProjectConfiguration) = postSolution
		{0AE1DE18-FDAA-489A-B658-80F0837E3587}.Debug.ActiveCfg = Debug|.NET
		{0AE1DE18-FDAA-489A-B658-80F0837E3587}.Debug.Build.0 = Debug|.NET
		{0AE1DE18-FDAA-489A-B658-80F0837E3587}.Release.ActiveCfg = Release|.NET
		{0AE1DE18-FDAA-489A-B658-80F0837E3587}.Release.Build.0 = Release|.NET
	EndGlobalSection
	GlobalSection(ExtensibilityGlobals) = postSolution
	EndGlobalSection
	GlobalSection(ExtensibilityAddIns) = postSolution
	EndGlobalSection
EndGlobal
